
Microsoft Visual Studio Solution File, Format Version 12.00
# Visual Studio 14
VisualStudioVersion = 14.0.25420.1
MinimumVisualStudioVersion = 10.0.40219.1
Project("{FAE04EC0-301F-11D3-BF4B-00C04F79EFBC}") = "otest", "nerp\otest.csproj", "{520E4335-CE38-4566-9D4C-45CC04868F7B}"
EndProject
Project("{FAE04EC0-301F-11D3-BF4B-00C04F79EFBC}") = "IS.basetype", "project\IS.basetype\IS.basetype.csproj", "{CAE5B00B-9822-42C1-B9C8-7B73D4665C48}"
EndProject
Project("{FAE04EC0-301F-11D3-BF4B-00C04F79EFBC}") = "IS.Config", "project\IS.Config\IS.Config.csproj", "{68CA99AA-8EF7-41DB-9A56-E5F6D45C6546}"
EndProject
Project("{FAE04EC0-301F-11D3-BF4B-00C04F79EFBC}") = "IS.localcomm", "project\IS.localcomm\IS.localcomm.csproj", "{E6A06D03-DDA3-4DB1-B299-673AE177844B}"
EndProject
Project("{FAE04EC0-301F-11D3-BF4B-00C04F79EFBC}") = "IS.Sess", "project\IS.sess\IS.Sess.csproj", "{4887AAD1-5501-4097-8B75-156231D67807}"
EndProject
Project("{FAE04EC0-301F-11D3-BF4B-00C04F79EFBC}") = "IS.nerp", "project\IS.nerplib\IS.nerp.csproj", "{CC019228-7F89-4DED-B0FC-C01B6E087604}"
EndProject
Project("{FAE04EC0-301F-11D3-BF4B-00C04F79EFBC}") = "IS.report", "project\IS.report\IS.report.csproj", "{30D30CB0-CD78-4A52-8A8B-502620BBAB19}"
EndProject
Project("{FAE04EC0-301F-11D3-BF4B-00C04F79EFBC}") = "IS.fitframework", "..\baseprojects2\IS.framework2\IS.fitframework.csproj", "{05B233C0-2594-4E62-A2F9-DA754539AC36}"
EndProject
Project("{FAE04EC0-301F-11D3-BF4B-00C04F79EFBC}") = "IS.Base", "..\baseprojects2\IS.Base\IS.Base.csproj", "{07C077FB-5AFF-4BFA-914F-EFDDC4989438}"
EndProject
Project("{FAE04EC0-301F-11D3-BF4B-00C04F79EFBC}") = "IS.Pool", "..\baseprojects2\IS.Pool\IS.Pool\IS.Pool.csproj", "{5AD5EFB9-AC86-4C0E-A5DD-18A4A04C9E25}"
EndProject
Project("{FAE04EC0-301F-11D3-BF4B-00C04F79EFBC}") = "IS.Lang", "project\IS.Lang\IS.Lang.csproj", "{445AA2A1-2632-48E2-A980-ED431CBC95D0}"
EndProject
Global
	GlobalSection(SolutionConfigurationPlatforms) = preSolution
		Debug|Any CPU = Debug|Any CPU
		Release|Any CPU = Release|Any CPU
	EndGlobalSection
	GlobalSection(ProjectConfigurationPlatforms) = postSolution
		{520E4335-CE38-4566-9D4C-45CC04868F7B}.Debug|Any CPU.ActiveCfg = Debug|Any CPU
		{520E4335-CE38-4566-9D4C-45CC04868F7B}.Debug|Any CPU.Build.0 = Debug|Any CPU
		{520E4335-CE38-4566-9D4C-45CC04868F7B}.Release|Any CPU.ActiveCfg = Release|Any CPU
		{520E4335-CE38-4566-9D4C-45CC04868F7B}.Release|Any CPU.Build.0 = Release|Any CPU
		{CAE5B00B-9822-42C1-B9C8-7B73D4665C48}.Debug|Any CPU.ActiveCfg = Debug|Any CPU
		{CAE5B00B-9822-42C1-B9C8-7B73D4665C48}.Debug|Any CPU.Build.0 = Debug|Any CPU
		{CAE5B00B-9822-42C1-B9C8-7B73D4665C48}.Release|Any CPU.ActiveCfg = Release|Any CPU
		{CAE5B00B-9822-42C1-B9C8-7B73D4665C48}.Release|Any CPU.Build.0 = Release|Any CPU
		{68CA99AA-8EF7-41DB-9A56-E5F6D45C6546}.Debug|Any CPU.ActiveCfg = Debug|Any CPU
		{68CA99AA-8EF7-41DB-9A56-E5F6D45C6546}.Debug|Any CPU.Build.0 = Debug|Any CPU
		{68CA99AA-8EF7-41DB-9A56-E5F6D45C6546}.Release|Any CPU.ActiveCfg = Release|Any CPU
		{68CA99AA-8EF7-41DB-9A56-E5F6D45C6546}.Release|Any CPU.Build.0 = Release|Any CPU
		{E6A06D03-DDA3-4DB1-B299-673AE177844B}.Debug|Any CPU.ActiveCfg = Debug|Any CPU
		{E6A06D03-DDA3-4DB1-B299-673AE177844B}.Debug|Any CPU.Build.0 = Debug|Any CPU
		{E6A06D03-DDA3-4DB1-B299-673AE177844B}.Release|Any CPU.ActiveCfg = Release|Any CPU
		{E6A06D03-DDA3-4DB1-B299-673AE177844B}.Release|Any CPU.Build.0 = Release|Any CPU
		{4887AAD1-5501-4097-8B75-156231D67807}.Debug|Any CPU.ActiveCfg = Debug|Any CPU
		{4887AAD1-5501-4097-8B75-156231D67807}.Debug|Any CPU.Build.0 = Debug|Any CPU
		{4887AAD1-5501-4097-8B75-156231D67807}.Release|Any CPU.ActiveCfg = Release|Any CPU
		{4887AAD1-5501-4097-8B75-156231D67807}.Release|Any CPU.Build.0 = Release|Any CPU
		{CC019228-7F89-4DED-B0FC-C01B6E087604}.Debug|Any CPU.ActiveCfg = Debug|Any CPU
		{CC019228-7F89-4DED-B0FC-C01B6E087604}.Debug|Any CPU.Build.0 = Debug|Any CPU
		{CC019228-7F89-4DED-B0FC-C01B6E087604}.Release|Any CPU.ActiveCfg = Release|Any CPU
		{CC019228-7F89-4DED-B0FC-C01B6E087604}.Release|Any CPU.Build.0 = Release|Any CPU
		{30D30CB0-CD78-4A52-8A8B-502620BBAB19}.Debug|Any CPU.ActiveCfg = Debug|Any CPU
		{30D30CB0-CD78-4A52-8A8B-502620BBAB19}.Debug|Any CPU.Build.0 = Debug|Any CPU
		{30D30CB0-CD78-4A52-8A8B-502620BBAB19}.Release|Any CPU.ActiveCfg = Release|Any CPU
		{30D30CB0-CD78-4A52-8A8B-502620BBAB19}.Release|Any CPU.Build.0 = Release|Any CPU
		{05B233C0-2594-4E62-A2F9-DA754539AC36}.Debug|Any CPU.ActiveCfg = Debug|Any CPU
		{05B233C0-2594-4E62-A2F9-DA754539AC36}.Debug|Any CPU.Build.0 = Debug|Any CPU
		{05B233C0-2594-4E62-A2F9-DA754539AC36}.Release|Any CPU.ActiveCfg = Release|Any CPU
		{05B233C0-2594-4E62-A2F9-DA754539AC36}.Release|Any CPU.Build.0 = Release|Any CPU
		{07C077FB-5AFF-4BFA-914F-EFDDC4989438}.Debug|Any CPU.ActiveCfg = Debug|Any CPU
		{07C077FB-5AFF-4BFA-914F-EFDDC4989438}.Debug|Any CPU.Build.0 = Debug|Any CPU
		{07C077FB-5AFF-4BFA-914F-EFDDC4989438}.Release|Any CPU.ActiveCfg = Release|Any CPU
		{07C077FB-5AFF-4BFA-914F-EFDDC4989438}.Release|Any CPU.Build.0 = Release|Any CPU
		{5AD5EFB9-AC86-4C0E-A5DD-18A4A04C9E25}.Debug|Any CPU.ActiveCfg = Debug|Any CPU
		{5AD5EFB9-AC86-4C0E-A5DD-18A4A04C9E25}.Debug|Any CPU.Build.0 = Debug|Any CPU
		{5AD5EFB9-AC86-4C0E-A5DD-18A4A04C9E25}.Release|Any CPU.ActiveCfg = Release|Any CPU
		{5AD5EFB9-AC86-4C0E-A5DD-18A4A04C9E25}.Release|Any CPU.Build.0 = Release|Any CPU
		{445AA2A1-2632-48E2-A980-ED431CBC95D0}.Debug|Any CPU.ActiveCfg = Debug|Any CPU
		{445AA2A1-2632-48E2-A980-ED431CBC95D0}.Debug|Any CPU.Build.0 = Debug|Any CPU
		{445AA2A1-2632-48E2-A980-ED431CBC95D0}.Release|Any CPU.ActiveCfg = Release|Any CPU
		{445AA2A1-2632-48E2-A980-ED431CBC95D0}.Release|Any CPU.Build.0 = Release|Any CPU
	EndGlobalSection
	GlobalSection(SolutionProperties) = preSolution
		HideSolutionNode = FALSE
	EndGlobalSection
EndGlobal
